// !$*UTF8*$!
{
	archiveVersion = 1;
	classes = {
	};
	objectVersion = 51;
	objects = {

/* Begin PBXBuildFile section */
		1895DE0523D4789600093683 /* AppDelegate.swift in Sources */ = {isa = PBXBuildFile; fileRef = 1895DE0423D4789600093683 /* AppDelegate.swift */; };
		1895DE0723D4789600093683 /* SceneDelegate.swift in Sources */ = {isa = PBXBuildFile; fileRef = 1895DE0623D4789600093683 /* SceneDelegate.swift */; };
		1895DE0C23D4789600093683 /* Main.storyboard in Resources */ = {isa = PBXBuildFile; fileRef = 1895DE0A23D4789600093683 /* Main.storyboard */; };
		1895DE0E23D4789700093683 /* Assets.xcassets in Resources */ = {isa = PBXBuildFile; fileRef = 1895DE0D23D4789700093683 /* Assets.xcassets */; };
		1895DE1123D4789700093683 /* LaunchScreen.storyboard in Resources */ = {isa = PBXBuildFile; fileRef = 1895DE0F23D4789700093683 /* LaunchScreen.storyboard */; };
		1895DE1923D47EA600093683 /* ProfileController.swift in Sources */ = {isa = PBXBuildFile; fileRef = 1895DE1823D47EA600093683 /* ProfileController.swift */; };
		1895DE1B23D4803C00093683 /* ProfileHeader.swift in Sources */ = {isa = PBXBuildFile; fileRef = 1895DE1A23D4803C00093683 /* ProfileHeader.swift */; };
		1895DE1D23D4853300093683 /* ProfileCell.swift in Sources */ = {isa = PBXBuildFile; fileRef = 1895DE1C23D4853300093683 /* ProfileCell.swift */; };
		83FE38A175B87554CD6F66A3 /* Pods_CollectionViewPractice.framework in Frameworks */ = {isa = PBXBuildFile; fileRef = 1838B5EBF36499FCF0F9B905 /* Pods_CollectionViewPractice.framework */; };
/* End PBXBuildFile section */

/* Begin PBXFileReference section */
		1838B5EBF36499FCF0F9B905 /* Pods_CollectionViewPractice.framework */ = {isa = PBXFileReference; explicitFileType = wrapper.framework; includeInIndex = 0; path = Pods_CollectionViewPractice.framework; sourceTree = BUILT_PRODUCTS_DIR; };
		1895DE0123D4789600093683 /* CollectionViewPractice.app */ = {isa = PBXFileReference; explicitFileType = wrapper.application; includeInIndex = 0; path = CollectionViewPractice.app; sourceTree = BUILT_PRODUCTS_DIR; };
		1895DE0423D4789600093683 /* AppDelegate.swift */ = {isa = PBXFileReference; lastKnownFileType = sourcecode.swift; path = AppDelegate.swift; sourceTree = "<group>"; };
		1895DE0623D4789600093683 /* SceneDelegate.swift */ = {isa = PBXFileReference; lastKnownFileType = sourcecode.swift; path = SceneDelegate.swift; sourceTree = "<group>"; };
		1895DE0B23D4789600093683 /* Base */ = {isa = PBXFileReference; lastKnownFileType = file.storyboard; name = Base; path = Base.lproj/Main.storyboard; sourceTree = "<group>"; };
		1895DE0D23D4789700093683 /* Assets.xcassets */ = {isa = PBXFileReference; lastKnownFileType = folder.assetcatalog; path = Assets.xcassets; sourceTree = "<group>"; };
		1895DE1023D4789700093683 /* Base */ = {isa = PBXFileReference; lastKnownFileType = file.storyboard; name = Base; path = Base.lproj/LaunchScreen.storyboard; sourceTree = "<group>"; };
		1895DE1223D4789700093683 /* Info.plist */ = {isa = PBXFileReference; lastKnownFileType = text.plist.xml; path = Info.plist; sourceTree = "<group>"; };
		1895DE1823D47EA600093683 /* ProfileController.swift */ = {isa = PBXFileReference; lastKnownFileType = sourcecode.swift; path = ProfileController.swift; sourceTree = "<group>"; };
		1895DE1A23D4803C00093683 /* ProfileHeader.swift */ = {isa = PBXFileReference; lastKnownFileType = sourcecode.swift; path = ProfileHeader.swift; sourceTree = "<group>"; };
		1895DE1C23D4853300093683 /* ProfileCell.swift */ = {isa = PBXFileReference; lastKnownFileType = sourcecode.swift; path = ProfileCell.swift; sourceTree = "<group>"; };
		83FC56BA8061C8CFBEA87426 /* Pods-CollectionViewPractice.debug.xcconfig */ = {isa = PBXFileReference; includeInIndex = 1; lastKnownFileType = text.xcconfig; name = "Pods-CollectionViewPractice.debug.xcconfig"; path = "Target Support Files/Pods-CollectionViewPractice/Pods-CollectionViewPractice.debug.xcconfig"; sourceTree = "<group>"; };
		FE3801C5F01DA1908ED75587 /* Pods-CollectionViewPractice.release.xcconfig */ = {isa = PBXFileReference; includeInIndex = 1; lastKnownFileType = text.xcconfig; name = "Pods-CollectionViewPractice.release.xcconfig"; path = "Target Support Files/Pods-CollectionViewPractice/Pods-CollectionViewPractice.release.xcconfig"; sourceTree = "<group>"; };
/* End PBXFileReference section */

/* Begin PBXFrameworksBuildPhase section */
		1895DDFE23D4789600093683 /* Frameworks */ = {
			isa = PBXFrameworksBuildPhase;
			buildActionMask = 2147483647;
			files = (
				83FE38A175B87554CD6F66A3 /* Pods_CollectionViewPractice.framework in Frameworks */,
			);
			runOnlyForDeploymentPostprocessing = 0;
		};
/* End PBXFrameworksBuildPhase section */

/* Begin PBXGroup section */
		1895DDF823D4789600093683 = {
			isa = PBXGroup;
			children = (
				1895DE0323D4789600093683 /* CollectionViewPractice */,
				1895DE0223D4789600093683 /* Products */,
				D84E1EB46968AACA7A05747C /* Pods */,
				1AE06CD233C083B9866BD738 /* Frameworks */,
			);
			sourceTree = "<group>";
		};
		1895DE0223D4789600093683 /* Products */ = {
			isa = PBXGroup;
			children = (
				1895DE0123D4789600093683 /* CollectionViewPractice.app */,
			);
			name = Products;
			sourceTree = "<group>";
		};
		1895DE0323D4789600093683 /* CollectionViewPractice */ = {
			isa = PBXGroup;
			children = (
				1895DE0423D4789600093683 /* AppDelegate.swift */,
				1895DE0623D4789600093683 /* SceneDelegate.swift */,
				1895DE1823D47EA600093683 /* ProfileController.swift */,
				1895DE0A23D4789600093683 /* Main.storyboard */,
				1895DE0D23D4789700093683 /* Assets.xcassets */,
				1895DE0F23D4789700093683 /* LaunchScreen.storyboard */,
				1895DE1223D4789700093683 /* Info.plist */,
				1895DE1A23D4803C00093683 /* ProfileHeader.swift */,
				1895DE1C23D4853300093683 /* ProfileCell.swift */,
			);
			path = CollectionViewPractice;
			sourceTree = "<group>";
		};
		1AE06CD233C083B9866BD738 /* Frameworks */ = {
			isa = PBXGroup;
			children = (
				1838B5EBF36499FCF0F9B905 /* Pods_CollectionViewPractice.framework */,
			);
			name = Frameworks;
			sourceTree = "<group>";
		};
		D84E1EB46968AACA7A05747C /* Pods */ = {
			isa = PBXGroup;
			children = (
				83FC56BA8061C8CFBEA87426 /* Pods-CollectionViewPractice.debug.xcconfig */,
				FE3801C5F01DA1908ED75587 /* Pods-CollectionViewPractice.release.xcconfig */,
			);
			path = Pods;
			sourceTree = "<group>";
		};
/* End PBXGroup section */

/* Begin PBXNativeTarget section */
		1895DE0023D4789600093683 /* CollectionViewPractice */ = {
			isa = PBXNativeTarget;
			buildConfigurationList = 1895DE1523D4789700093683 /* Build configuration list for PBXNativeTarget "CollectionViewPractice" */;
			buildPhases = (
				728FBBD914830D3DD4C25EAA /* [CP] Check Pods Manifest.lock */,
				1895DDFD23D4789600093683 /* Sources */,
				1895DDFE23D4789600093683 /* Frameworks */,
				1895DDFF23D4789600093683 /* Resources */,
				BDA41403904D3A106C6E11D3 /* [CP] Embed Pods Frameworks */,
			);
			buildRules = (
			);
			dependencies = (
			);
			name = CollectionViewPractice;
			productName = CollectionViewPractice;
			productReference = 1895DE0123D4789600093683 /* CollectionViewPractice.app */;
			productType = "com.apple.product-type.application";
		};
/* End PBXNativeTarget section */

/* Begin PBXProject section */
		1895DDF923D4789600093683 /* Project object */ = {
			isa = PBXProject;
			attributes = {
				LastSwiftUpdateCheck = 1110;
				LastUpgradeCheck = 1110;
				ORGANIZATIONNAME = JeongminKim;
				TargetAttributes = {
					1895DE0023D4789600093683 = {
						CreatedOnToolsVersion = 11.1;
					};
				};
			};
			buildConfigurationList = 1895DDFC23D4789600093683 /* Build configuration list for PBXProject "CollectionViewPractice" */;
			compatibilityVersion = "Xcode 9.3";
			developmentRegion = en;
			hasScannedForEncodings = 0;
			knownRegions = (
				en,
				Base,
			);
			mainGroup = 1895DDF823D4789600093683;
			productRefGroup = 1895DE0223D4789600093683 /* Products */;
			projectDirPath = "";
			projectRoot = "";
			targets = (
				1895DE0023D4789600093683 /* CollectionViewPractice */,
			);
		};
/* End PBXProject section */

/* Begin PBXResourcesBuildPhase section */
		1895DDFF23D4789600093683 /* Resources */ = {
			isa = PBXResourcesBuildPhase;
			buildActionMask = 2147483647;
			files = (
				1895DE1123D4789700093683 /* LaunchScreen.storyboard in Resources */,
				1895DE0E23D4789700093683 /* Assets.xcassets in Resources */,
				1895DE0C23D4789600093683 /* Main.storyboard in Resources */,
			);
			runOnlyForDeploymentPostprocessing = 0;
		};
/* End PBXResourcesBuildPhase section */

/* Begin PBXShellScriptBuildPhase section */
		728FBBD914830D3DD4C25EAA /* [CP] Check Pods Manifest.lock */ = {
			isa = PBXShellScriptBuildPhase;
			buildActionMask = 2147483647;
			files = (
			);
			inputFileListPaths = (
			);
			inputPaths = (
				"${PODS_PODFILE_DIR_PATH}/Podfile.lock",
				"${PODS_ROOT}/Manifest.lock",
			);
			name = "[CP] Check Pods Manifest.lock";
			outputFileListPaths = (
			);
			outputPaths = (
				"$(DERIVED_FILE_DIR)/Pods-CollectionViewPractice-checkManifestLockResult.txt",
			);
			runOnlyForDeploymentPostprocessing = 0;
			shellPath = /bin/sh;
			shellScript = "diff \"${PODS_PODFILE_DIR_PATH}/Podfile.lock\" \"${PODS_ROOT}/Manifest.lock\" > /dev/null\nif [ $? != 0 ] ; then\n    # print error to STDERR\n    echo \"error: The sandbox is not in sync with the Podfile.lock. Run 'pod install' or update your CocoaPods installation.\" >&2\n    exit 1\nfi\n# This output is used by Xcode 'outputs' to avoid re-running this script phase.\necho \"SUCCESS\" > \"${SCRIPT_OUTPUT_FILE_0}\"\n";
			showEnvVarsInLog = 0;
		};
		BDA41403904D3A106C6E11D3 /* [CP] Embed Pods Frameworks */ = {
			isa = PBXShellScriptBuildPhase;
			buildActionMask = 2147483647;
			files = (
			);
			inputFileListPaths = (
				"${PODS_ROOT}/Target Support Files/Pods-CollectionViewPractice/Pods-CollectionViewPractice-frameworks-${CONFIGURATION}-input-files.xcfilelist",
			);
			name = "[CP] Embed Pods Frameworks";
			outputFileListPaths = (
				"${PODS_ROOT}/Target Support Files/Pods-CollectionViewPractice/Pods-CollectionViewPractice-frameworks-${CONFIGURATION}-output-files.xcfilelist",
			);
			runOnlyForDeploymentPostprocessing = 0;
			shellPath = /bin/sh;
			shellScript = "\"${PODS_ROOT}/Target Support Files/Pods-CollectionViewPractice/Pods-CollectionViewPractice-frameworks.sh\"\n";
			showEnvVarsInLog = 0;
		};
/* End PBXShellScriptBuildPhase section */

/* Begin PBXSourcesBuildPhase section */
		1895DDFD23D4789600093683 /* Sources */ = {
			isa = PBXSourcesBuildPhase;
			buildActionMask = 2147483647;
			files = (
				1895DE1B23D4803C00093683 /* ProfileHeader.swift in Sources */,
				1895DE0523D4789600093683 /* AppDelegate.swift in Sources */,
				1895DE0723D4789600093683 /* SceneDelegate.swift in Sources */,
				1895DE1923D47EA600093683 /* ProfileController.swift in Sources */,
				1895DE1D23D4853300093683 /* ProfileCell.swift in Sources */,
			);
			runOnlyForDeploymentPostprocessing = 0;
		};
/* End PBXSourcesBuildPhase section */

/* Begin PBXVariantGroup section */
		1895DE0A23D4789600093683 /* Main.storyboard */ = {
			isa = PBXVariantGroup;
			children = (
				1895DE0B23D4789600093683 /* Base */,
			);
			name = Main.storyboard;
			sourceTree = "<group>";
		};
		1895DE0F23D4789700093683 /* LaunchScreen.storyboard */ = {
			isa = PBXVariantGroup;
			children = (
				1895DE1023D4789700093683 /* Base */,
			);
			name = LaunchScreen.storyboard;
			sourceTree = "<group>";
		};
/* End PBXVariantGroup section */

/* Begin XCBuildConfiguration section */
		1895DE1323D4789700093683 /* Debug */ = {
			isa = XCBuildConfiguration;
			buildSettings = {
				ALWAYS_SEARCH_USER_PATHS = NO;
				CLANG_ANALYZER_NONNULL = YES;
				CLANG_ANALYZER_NUMBER_OBJECT_CONVERSION = YES_AGGRESSIVE;
				CLANG_CXX_LANGUAGE_STANDARD = "gnu++14";
				CLANG_CXX_LIBRARY = "libc++";
				CLANG_ENABLE_MODULES = YES;
				CLANG_ENABLE_OBJC_ARC = YES;
				CLANG_ENABLE_OBJC_WEAK = YES;
				CLANG_WARN_BLOCK_CAPTURE_AUTORELEASING = YES;
				CLANG_WARN_BOOL_CONVERSION = YES;
				CLANG_WARN_COMMA = YES;
				CLANG_WARN_CONSTANT_CONVERSION = YES;
				CLANG_WARN_DEPRECATED_OBJC_IMPLEMENTATIONS = YES;
				CLANG_WARN_DIRECT_OBJC_ISA_USAGE = YES_ERROR;
				CLANG_WARN_DOCUMENTATION_COMMENTS = YES;
				CLANG_WARN_EMPTY_BODY = YES;
				CLANG_WARN_ENUM_CONVERSION = YES;
				CLANG_WARN_INFINITE_RECURSION = YES;
				CLANG_WARN_INT_CONVERSION = YES;
				CLANG_WARN_NON_LITERAL_NULL_CONVERSION = YES;
				CLANG_WARN_OBJC_IMPLICIT_RETAIN_SELF = YES;
				CLANG_WARN_OBJC_LITERAL_CONVERSION = YES;
				CLANG_WARN_OBJC_ROOT_CLASS = YES_ERROR;
				CLANG_WARN_RANGE_LOOP_ANALYSIS = YES;
				CLANG_WARN_STRICT_PROTOTYPES = YES;
				CLANG_WARN_SUSPICIOUS_MOVE = YES;
				CLANG_WARN_UNGUARDED_AVAILABILITY = YES_AGGRESSIVE;
				CLANG_WARN_UNREACHABLE_CODE = YES;
				CLANG_WARN__DUPLICATE_METHOD_MATCH = YES;
				COPY_PHASE_STRIP = NO;
				DEBUG_INFORMATION_FORMAT = dwarf;
				ENABLE_STRICT_OBJC_MSGSEND = YES;
				ENABLE_TESTABILITY = YES;
				GCC_C_LANGUAGE_STANDARD = gnu11;
				GCC_DYNAMIC_NO_PIC = NO;
				GCC_NO_COMMON_BLOCKS = YES;
				GCC_OPTIMIZATION_LEVEL = 0;
				GCC_PREPROCESSOR_DEFINITIONS = (
					"DEBUG=1",
					"$(inherited)",
				);
				GCC_WARN_64_TO_32_BIT_CONVERSION = YES;
				GCC_WARN_ABOUT_RETURN_TYPE = YES_ERROR;
				GCC_WARN_UNDECLARED_SELECTOR = YES;
				GCC_WARN_UNINITIALIZED_AUTOS = YES_AGGRESSIVE;
				GCC_WARN_UNUSED_FUNCTION = YES;
				GCC_WARN_UNUSED_VARIABLE = YES;
				IPHONEOS_DEPLOYMENT_TARGET = 13.1;
				MTL_ENABLE_DEBUG_INFO = INCLUDE_SOURCE;
				MTL_FAST_MATH = YES;
				ONLY_ACTIVE_ARCH = YES;
				SDKROOT = iphoneos;
				SWIFT_ACTIVE_COMPILATION_CONDITIONS = DEBUG;
				SWIFT_OPTIMIZATION_LEVEL = "-Onone";
			};
			name = Debug;
		};
		1895DE1423D4789700093683 /* Release */ = {
			isa = XCBuildConfiguration;
			buildSettings = {
				ALWAYS_SEARCH_USER_PATHS = NO;
				CLANG_ANALYZER_NONNULL = YES;
				CLANG_ANALYZER_NUMBER_OBJECT_CONVERSION = YES_AGGRESSIVE;
				CLANG_CXX_LANGUAGE_STANDARD = "gnu++14";
				CLANG_CXX_LIBRARY = "libc++";
				CLANG_ENABLE_MODULES = YES;
				CLANG_ENABLE_OBJC_ARC = YES;
				CLANG_ENABLE_OBJC_WEAK = YES;
				CLANG_WARN_BLOCK_CAPTURE_AUTORELEASING = YES;
				CLANG_WARN_BOOL_CONVERSION = YES;
				CLANG_WARN_COMMA = YES;
				CLANG_WARN_CONSTANT_CONVERSION = YES;
				CLANG_WARN_DEPRECATED_OBJC_IMPLEMENTATIONS = YES;
				CLANG_WARN_DIRECT_OBJC_ISA_USAGE = YES_ERROR;
				CLANG_WARN_DOCUMENTATION_COMMENTS = YES;
				CLANG_WARN_EMPTY_BODY = YES;
				CLANG_WARN_ENUM_CONVERSION = YES;
				CLANG_WARN_INFINITE_RECURSION = YES;
				CLANG_WARN_INT_CONVERSION = YES;
				CLANG_WARN_NON_LITERAL_NULL_CONVERSION = YES;
				CLANG_WARN_OBJC_IMPLICIT_RETAIN_SELF = YES;
				CLANG_WARN_OBJC_LITERAL_CONVERSION = YES;
				CLANG_WARN_OBJC_ROOT_CLASS = YES_ERROR;
				CLANG_WARN_RANGE_LOOP_ANALYSIS = YES;
				CLANG_WARN_STRICT_PROTOTYPES = YES;
				CLANG_WARN_SUSPICIOUS_MOVE = YES;
				CLANG_WARN_UNGUARDED_AVAILABILITY = YES_AGGRESSIVE;
				CLANG_WARN_UNREACHABLE_CODE = YES;
				CLANG_WARN__DUPLICATE_METHOD_MATCH = YES;
				COPY_PHASE_STRIP = NO;
				DEBUG_INFORMATION_FORMAT = "dwarf-with-dsym";
				ENABLE_NS_ASSERTIONS = NO;
				ENABLE_STRICT_OBJC_MSGSEND = YES;
				GCC_C_LANGUAGE_STANDARD = gnu11;
				GCC_NO_COMMON_BLOCKS = YES;
				GCC_WARN_64_TO_32_BIT_CONVERSION = YES;
				GCC_WARN_ABOUT_RETURN_TYPE = YES_ERROR;
				GCC_WARN_UNDECLARED_SELECTOR = YES;
				GCC_WARN_UNINITIALIZED_AUTOS = YES_AGGRESSIVE;
				GCC_WARN_UNUSED_FUNCTION = YES;
				GCC_WARN_UNUSED_VARIABLE = YES;
				IPHONEOS_DEPLOYMENT_TARGET = 13.1;
				MTL_ENABLE_DEBUG_INFO = NO;
				MTL_FAST_MATH = YES;
				SDKROOT = iphoneos;
				SWIFT_COMPILATION_MODE = wholemodule;
				SWIFT_OPTIMIZATION_LEVEL = "-O";
				VALIDATE_PRODUCT = YES;
			};
			name = Release;
		};
		1895DE1623D4789700093683 /* Debug */ = {
			isa = XCBuildConfiguration;
			baseConfigurationReference = 83FC56BA8061C8CFBEA87426 /* Pods-CollectionViewPractice.debug.xcconfig */;
			buildSettings = {
				ASSETCATALOG_COMPILER_APPICON_NAME = AppIcon;
				CODE_SIGN_STYLE = Automatic;
				DEVELOPMENT_TEAM = 4FTFKXF8N5;
				INFOPLIST_FILE = CollectionViewPractice/Info.plist;
				LD_RUNPATH_SEARCH_PATHS = (
					"$(inherited)",
					"@executable_path/Frameworks",
				);
				PRODUCT_BUNDLE_IDENTIFIER = com.JeongminKim.CollectionViewPractice;
				PRODUCT_NAME = "$(TARGET_NAME)";
				SWIFT_VERSION = 5.0;
				TARGETED_DEVICE_FAMILY = "1,2";
			};
			name = Debug;
		};
		1895DE1723D4789700093683 /* Release */ = {
			isa = XCBuildConfiguration;
			baseConfigurationReference = FE3801C5F01DA1908ED75587 /* Pods-CollectionViewPractice.release.xcconfig */;
			buildSettings = {
				ASSETCATALOG_COMPILER_APPICON_NAME = AppIcon;
				CODE_SIGN_STYLE = Automatic;
				DEVELOPMENT_TEAM = 4FTFKXF8N5;
				INFOPLIST_FILE = CollectionViewPractice/Info.plist;
				LD_RUNPATH_SEARCH_PATHS = (
					"$(inherited)",
					"@executable_path/Frameworks",
				);
				PRODUCT_BUNDLE_IDENTIFIER = com.JeongminKim.CollectionViewPractice;
				PRODUCT_NAME = "$(TARGET_NAME)";
				SWIFT_VERSION = 5.0;
				TARGETED_DEVICE_FAMILY = "1,2";
			};
			name = Release;
		};
/* End XCBuildConfiguration section */

/* Begin XCConfigurationList section */
		1895DDFC23D4789600093683 /* Build configuration list for PBXProject "CollectionViewPractice" */ = {
			isa = XCConfigurationList;
			buildConfigurations = (
				1895DE1323D4789700093683 /* Debug */,
				1895DE1423D4789700093683 /* Release */,
			);
			defaultConfigurationIsVisible = 0;
			defaultConfigurationName = Release;
		};
		1895DE1523D4789700093683 /* Build configuration list for PBXNativeTarget "CollectionViewPractice" */ = {
			isa = XCConfigurationList;
			buildConfigurations = (
				1895DE1623D4789700093683 /* Debug */,
				1895DE1723D4789700093683 /* Release */,
			);
			defaultConfigurationIsVisible = 0;
			defaultConfigurationName = Release;
		};
/* End XCConfigurationList section */
	};
	rootObject = 1895DDF923D4789600093683 /* Project object */;
}
